
Microsoft Visual Studio Solution File, Format Version 12.00
# Visual Studio 14
VisualStudioVersion = 14.0.25123.0
MinimumVisualStudioVersion = 10.0.40219.1
Project("{8BC9CEB8-8B4A-11D0-8D11-00A0C91BC942}") = "lua", "lua.vcxproj", "{D7321653-4F1D-474B-B52E-7FEE999D63A2}"
EndProject
Project("{8BC9CEB8-8B4A-11D0-8D11-00A0C91BC942}") = "luac", "luac.vcxproj", "{893005E2-989D-471B-BE59-DC9E6EA4C4BE}"
EndProject
Project("{8BC9CEB8-8B4A-11D0-8D11-00A0C91BC942}") = "wlua", "wlua.vcxproj", "{AA4DDFB2-4434-4CC1-B3A3-6330DE652E11}"
EndProject
Global
	GlobalSection(SolutionConfigurationPlatforms) = preSolution
		Debug|x64 = Debug|x64
		Debug|Win32 = Debug|Win32
		DebugDLL|x64 = DebugDLL|x64
		DebugDLL|Win32 = DebugDLL|Win32
		Release|x64 = Release|x64
		Release|Win32 = Release|Win32
		ReleaseDLL|x64 = ReleaseDLL|x64
		ReleaseDLL|Win32 = ReleaseDLL|Win32
	EndGlobalSection
	GlobalSection(ProjectConfigurationPlatforms) = postSolution
		{D7321653-4F1D-474B-B52E-7FEE999D63A2}.Debug|x64.ActiveCfg = Debug|x64
		{D7321653-4F1D-474B-B52E-7FEE999D63A2}.Debug|x64.Build.0 = Debug|x64
		{D7321653-4F1D-474B-B52E-7FEE999D63A2}.Debug|Win32.ActiveCfg = Debug|Win32
		{D7321653-4F1D-474B-B52E-7FEE999D63A2}.Debug|Win32.Build.0 = Debug|Win32
		{D7321653-4F1D-474B-B52E-7FEE999D63A2}.DebugDLL|x64.ActiveCfg = DebugDLL|x64
		{D7321653-4F1D-474B-B52E-7FEE999D63A2}.DebugDLL|x64.Build.0 = DebugDLL|x64
		{D7321653-4F1D-474B-B52E-7FEE999D63A2}.DebugDLL|Win32.ActiveCfg = DebugDLL|Win32
		{D7321653-4F1D-474B-B52E-7FEE999D63A2}.DebugDLL|Win32.Build.0 = DebugDLL|Win32
		{D7321653-4F1D-474B-B52E-7FEE999D63A2}.Release|x64.ActiveCfg = Release|x64
		{D7321653-4F1D-474B-B52E-7FEE999D63A2}.Release|x64.Build.0 = Release|x64
		{D7321653-4F1D-474B-B52E-7FEE999D63A2}.Release|Win32.ActiveCfg = Release|Win32
		{D7321653-4F1D-474B-B52E-7FEE999D63A2}.Release|Win32.Build.0 = Release|Win32
		{D7321653-4F1D-474B-B52E-7FEE999D63A2}.ReleaseDLL|x64.ActiveCfg = ReleaseDLL|x64
		{D7321653-4F1D-474B-B52E-7FEE999D63A2}.ReleaseDLL|x64.Build.0 = ReleaseDLL|x64
		{D7321653-4F1D-474B-B52E-7FEE999D63A2}.ReleaseDLL|Win32.ActiveCfg = ReleaseDLL|Win32
		{D7321653-4F1D-474B-B52E-7FEE999D63A2}.ReleaseDLL|Win32.Build.0 = ReleaseDLL|Win32
		{893005E2-989D-471B-BE59-DC9E6EA4C4BE}.Debug|x64.ActiveCfg = Debug|x64
		{893005E2-989D-471B-BE59-DC9E6EA4C4BE}.Debug|x64.Build.0 = Debug|x64
		{893005E2-989D-471B-BE59-DC9E6EA4C4BE}.Debug|Win32.ActiveCfg = Debug|Win32
		{893005E2-989D-471B-BE59-DC9E6EA4C4BE}.Debug|Win32.Build.0 = Debug|Win32
		{893005E2-989D-471B-BE59-DC9E6EA4C4BE}.DebugDLL|x64.ActiveCfg = DebugDLL|x64
		{893005E2-989D-471B-BE59-DC9E6EA4C4BE}.DebugDLL|x64.Build.0 = DebugDLL|x64
		{893005E2-989D-471B-BE59-DC9E6EA4C4BE}.DebugDLL|Win32.ActiveCfg = DebugDLL|Win32
		{893005E2-989D-471B-BE59-DC9E6EA4C4BE}.DebugDLL|Win32.Build.0 = DebugDLL|Win32
		{893005E2-989D-471B-BE59-DC9E6EA4C4BE}.Release|x64.ActiveCfg = Release|x64
		{893005E2-989D-471B-BE59-DC9E6EA4C4BE}.Release|x64.Build.0 = Release|x64
		{893005E2-989D-471B-BE59-DC9E6EA4C4BE}.Release|Win32.ActiveCfg = Release|Win32
		{893005E2-989D-471B-BE59-DC9E6EA4C4BE}.Release|Win32.Build.0 = Release|Win32
		{893005E2-989D-471B-BE59-DC9E6EA4C4BE}.ReleaseDLL|x64.ActiveCfg = ReleaseDLL|x64
		{893005E2-989D-471B-BE59-DC9E6EA4C4BE}.ReleaseDLL|x64.Build.0 = ReleaseDLL|x64
		{893005E2-989D-471B-BE59-DC9E6EA4C4BE}.ReleaseDLL|Win32.ActiveCfg = ReleaseDLL|Win32
		{893005E2-989D-471B-BE59-DC9E6EA4C4BE}.ReleaseDLL|Win32.Build.0 = ReleaseDLL|Win32
		{AA4DDFB2-4434-4CC1-B3A3-6330DE652E11}.Debug|x64.ActiveCfg = Debug|x64
		{AA4DDFB2-4434-4CC1-B3A3-6330DE652E11}.Debug|x64.Build.0 = Debug|x64
		{AA4DDFB2-4434-4CC1-B3A3-6330DE652E11}.Debug|Win32.ActiveCfg = Debug|Win32
		{AA4DDFB2-4434-4CC1-B3A3-6330DE652E11}.Debug|Win32.Build.0 = Debug|Win32
		{AA4DDFB2-4434-4CC1-B3A3-6330DE652E11}.DebugDLL|x64.ActiveCfg = DebugDLL|x64
		{AA4DDFB2-4434-4CC1-B3A3-6330DE652E11}.DebugDLL|x64.Build.0 = DebugDLL|x64
		{AA4DDFB2-4434-4CC1-B3A3-6330DE652E11}.DebugDLL|Win32.ActiveCfg = DebugDLL|Win32
		{AA4DDFB2-4434-4CC1-B3A3-6330DE652E11}.DebugDLL|Win32.Build.0 = DebugDLL|Win32
		{AA4DDFB2-4434-4CC1-B3A3-6330DE652E11}.Release|x64.ActiveCfg = Release|x64
		{AA4DDFB2-4434-4CC1-B3A3-6330DE652E11}.Release|x64.Build.0 = Release|x64
		{AA4DDFB2-4434-4CC1-B3A3-6330DE652E11}.Release|Win32.ActiveCfg = Release|Win32
		{AA4DDFB2-4434-4CC1-B3A3-6330DE652E11}.Release|Win32.Build.0 = Release|Win32
		{AA4DDFB2-4434-4CC1-B3A3-6330DE652E11}.ReleaseDLL|x64.ActiveCfg = ReleaseDLL|x64
		{AA4DDFB2-4434-4CC1-B3A3-6330DE652E11}.ReleaseDLL|x64.Build.0 = ReleaseDLL|x64
		{AA4DDFB2-4434-4CC1-B3A3-6330DE652E11}.ReleaseDLL|Win32.ActiveCfg = ReleaseDLL|Win32
		{AA4DDFB2-4434-4CC1-B3A3-6330DE652E11}.ReleaseDLL|Win32.Build.0 = ReleaseDLL|Win32
	EndGlobalSection
	GlobalSection(SolutionProperties) = preSolution
		HideSolutionNode = FALSE
	EndGlobalSection
EndGlobal
